// !$*UTF8*$!
{
	archiveVersion = 1;
	classes = {
	};
	objectVersion = 46;
	objects = {

/* Begin PBXBuildFile section */
		FA707084162F9D58003531A3 /* SFAtarianSystem.ttf in Resources */ = {isa = PBXBuildFile; fileRef = FA707083162F9D58003531A3 /* SFAtarianSystem.ttf */; };
		FA7070CE1630516B003531A3 /* IntroViewController.xib in Resources */ = {isa = PBXBuildFile; fileRef = FA7070CD1630516B003531A3 /* IntroViewController.xib */; };
		FA96DE42162F44E800A55DCD /* IntroViewController.m in Sources */ = {isa = PBXBuildFile; fileRef = FA96DE41162F44E800A55DCD /* IntroViewController.m */; };
		FAA22BDB1625E4DD00677DCC /* UIKit.framework in Frameworks */ = {isa = PBXBuildFile; fileRef = FAA22BDA1625E4DD00677DCC /* UIKit.framework */; };
		FAA22BDD1625E4DD00677DCC /* Foundation.framework in Frameworks */ = {isa = PBXBuildFile; fileRef = FAA22BDC1625E4DD00677DCC /* Foundation.framework */; };
		FAA22BDF1625E4DD00677DCC /* CoreGraphics.framework in Frameworks */ = {isa = PBXBuildFile; fileRef = FAA22BDE1625E4DD00677DCC /* CoreGraphics.framework */; };
		FAA22BE51625E4DD00677DCC /* InfoPlist.strings in Resources */ = {isa = PBXBuildFile; fileRef = FAA22BE31625E4DD00677DCC /* InfoPlist.strings */; };
		FAA22BE71625E4DD00677DCC /* main.m in Sources */ = {isa = PBXBuildFile; fileRef = FAA22BE61625E4DD00677DCC /* main.m */; };
		FAA22BEB1625E4DD00677DCC /* AppDelegate.m in Sources */ = {isa = PBXBuildFile; fileRef = FAA22BEA1625E4DD00677DCC /* AppDelegate.m */; };
		FAA22BED1625E4DD00677DCC /* Default.png in Resources */ = {isa = PBXBuildFile; fileRef = FAA22BEC1625E4DD00677DCC /* Default.png */; };
		FAA22BEF1625E4DD00677DCC /* Default@2x.png in Resources */ = {isa = PBXBuildFile; fileRef = FAA22BEE1625E4DD00677DCC /* Default@2x.png */; };
		FAA22BF11625E4DD00677DCC /* Default-568h@2x.png in Resources */ = {isa = PBXBuildFile; fileRef = FAA22BF01625E4DD00677DCC /* Default-568h@2x.png */; };
		FAA22BF41625E4DD00677DCC /* GameViewController.m in Sources */ = {isa = PBXBuildFile; fileRef = FAA22BF31625E4DD00677DCC /* GameViewController.m */; };
		FAA22BF71625E4DD00677DCC /* GameViewController.xib in Resources */ = {isa = PBXBuildFile; fileRef = FAA22BF51625E4DD00677DCC /* GameViewController.xib */; };
		FAA22BFF1625E58700677DCC /* PaddleView.m in Sources */ = {isa = PBXBuildFile; fileRef = FAA22BFE1625E58700677DCC /* PaddleView.m */; };
		FAA22C041625E7A800677DCC /* QuartzCore.framework in Frameworks */ = {isa = PBXBuildFile; fileRef = FAA22C031625E7A800677DCC /* QuartzCore.framework */; };
/* End PBXBuildFile section */

/* Begin PBXFileReference section */
		FA707083162F9D58003531A3 /* SFAtarianSystem.ttf */ = {isa = PBXFileReference; lastKnownFileType = file; path = SFAtarianSystem.ttf; sourceTree = "<group>"; };
		FA7070CD1630516B003531A3 /* IntroViewController.xib */ = {isa = PBXFileReference; fileEncoding = 4; lastKnownFileType = file.xib; path = IntroViewController.xib; sourceTree = "<group>"; };
		FA96DE40162F44E800A55DCD /* IntroViewController.h */ = {isa = PBXFileReference; fileEncoding = 4; lastKnownFileType = sourcecode.c.h; path = IntroViewController.h; sourceTree = "<group>"; };
		FA96DE41162F44E800A55DCD /* IntroViewController.m */ = {isa = PBXFileReference; fileEncoding = 4; lastKnownFileType = sourcecode.c.objc; path = IntroViewController.m; sourceTree = "<group>"; };
		FA9895EE163644C400CAC3E0 /* ResumeGameDelegate.h */ = {isa = PBXFileReference; lastKnownFileType = sourcecode.c.h; path = ResumeGameDelegate.h; sourceTree = "<group>"; };
		FAA22BD61625E4DD00677DCC /* Pong2.app */ = {isa = PBXFileReference; explicitFileType = wrapper.application; includeInIndex = 0; path = Pong2.app; sourceTree = BUILT_PRODUCTS_DIR; };
		FAA22BDA1625E4DD00677DCC /* UIKit.framework */ = {isa = PBXFileReference; lastKnownFileType = wrapper.framework; name = UIKit.framework; path = System/Library/Frameworks/UIKit.framework; sourceTree = SDKROOT; };
		FAA22BDC1625E4DD00677DCC /* Foundation.framework */ = {isa = PBXFileReference; lastKnownFileType = wrapper.framework; name = Foundation.framework; path = System/Library/Frameworks/Foundation.framework; sourceTree = SDKROOT; };
		FAA22BDE1625E4DD00677DCC /* CoreGraphics.framework */ = {isa = PBXFileReference; lastKnownFileType = wrapper.framework; name = CoreGraphics.framework; path = System/Library/Frameworks/CoreGraphics.framework; sourceTree = SDKROOT; };
		FAA22BE21625E4DD00677DCC /* Pong2-Info.plist */ = {isa = PBXFileReference; lastKnownFileType = text.plist.xml; path = "Pong2-Info.plist"; sourceTree = "<group>"; };
		FAA22BE41625E4DD00677DCC /* en */ = {isa = PBXFileReference; lastKnownFileType = text.plist.strings; name = en; path = en.lproj/InfoPlist.strings; sourceTree = "<group>"; };
		FAA22BE61625E4DD00677DCC /* main.m */ = {isa = PBXFileReference; lastKnownFileType = sourcecode.c.objc; path = main.m; sourceTree = "<group>"; };
		FAA22BE81625E4DD00677DCC /* Pong2-Prefix.pch */ = {isa = PBXFileReference; lastKnownFileType = sourcecode.c.h; path = "Pong2-Prefix.pch"; sourceTree = "<group>"; };
		FAA22BE91625E4DD00677DCC /* AppDelegate.h */ = {isa = PBXFileReference; lastKnownFileType = sourcecode.c.h; path = AppDelegate.h; sourceTree = "<group>"; };
		FAA22BEA1625E4DD00677DCC /* AppDelegate.m */ = {isa = PBXFileReference; lastKnownFileType = sourcecode.c.objc; path = AppDelegate.m; sourceTree = "<group>"; };
		FAA22BEC1625E4DD00677DCC /* Default.png */ = {isa = PBXFileReference; lastKnownFileType = image.png; path = Default.png; sourceTree = "<group>"; };
		FAA22BEE1625E4DD00677DCC /* Default@2x.png */ = {isa = PBXFileReference; lastKnownFileType = image.png; path = "Default@2x.png"; sourceTree = "<group>"; };
		FAA22BF01625E4DD00677DCC /* Default-568h@2x.png */ = {isa = PBXFileReference; lastKnownFileType = image.png; path = "Default-568h@2x.png"; sourceTree = "<group>"; };
		FAA22BF21625E4DD00677DCC /* GameViewController.h */ = {isa = PBXFileReference; lastKnownFileType = sourcecode.c.h; path = GameViewController.h; sourceTree = "<group>"; };
		FAA22BF31625E4DD00677DCC /* GameViewController.m */ = {isa = PBXFileReference; lastKnownFileType = sourcecode.c.objc; path = GameViewController.m; sourceTree = "<group>"; };
		FAA22BF61625E4DD00677DCC /* en */ = {isa = PBXFileReference; lastKnownFileType = file.xib; name = en; path = en.lproj/GameViewController.xib; sourceTree = "<group>"; };
		FAA22BFD1625E58700677DCC /* PaddleView.h */ = {isa = PBXFileReference; fileEncoding = 4; lastKnownFileType = sourcecode.c.h; path = PaddleView.h; sourceTree = "<group>"; };
		FAA22BFE1625E58700677DCC /* PaddleView.m */ = {isa = PBXFileReference; fileEncoding = 4; lastKnownFileType = sourcecode.c.objc; path = PaddleView.m; sourceTree = "<group>"; };
		FAA22C031625E7A800677DCC /* QuartzCore.framework */ = {isa = PBXFileReference; lastKnownFileType = wrapper.framework; name = QuartzCore.framework; path = System/Library/Frameworks/QuartzCore.framework; sourceTree = SDKROOT; };
		FAF186DB162C62F900552105 /* Constants.h */ = {isa = PBXFileReference; fileEncoding = 4; lastKnownFileType = sourcecode.c.h; path = Constants.h; sourceTree = "<group>"; };
/* End PBXFileReference section */

/* Begin PBXFrameworksBuildPhase section */
		FAA22BD31625E4DD00677DCC /* Frameworks */ = {
			isa = PBXFrameworksBuildPhase;
			buildActionMask = 2147483647;
			files = (
				FAA22C041625E7A800677DCC /* QuartzCore.framework in Frameworks */,
				FAA22BDB1625E4DD00677DCC /* UIKit.framework in Frameworks */,
				FAA22BDD1625E4DD00677DCC /* Foundation.framework in Frameworks */,
				FAA22BDF1625E4DD00677DCC /* CoreGraphics.framework in Frameworks */,
			);
			runOnlyForDeploymentPostprocessing = 0;
		};
/* End PBXFrameworksBuildPhase section */

/* Begin PBXGroup section */
		FA707086162F9D70003531A3 /* Fonts */ = {
			isa = PBXGroup;
			children = (
				FA707083162F9D58003531A3 /* SFAtarianSystem.ttf */,
			);
			name = Fonts;
			sourceTree = "<group>";
		};
		FAA22BCB1625E4DD00677DCC = {
			isa = PBXGroup;
			children = (
				FA707086162F9D70003531A3 /* Fonts */,
				FAA22BE01625E4DD00677DCC /* Pong2 */,
				FAA22BD91625E4DD00677DCC /* Frameworks */,
				FAA22BD71625E4DD00677DCC /* Products */,
			);
			sourceTree = "<group>";
		};
		FAA22BD71625E4DD00677DCC /* Products */ = {
			isa = PBXGroup;
			children = (
				FAA22BD61625E4DD00677DCC /* Pong2.app */,
			);
			name = Products;
			sourceTree = "<group>";
		};
		FAA22BD91625E4DD00677DCC /* Frameworks */ = {
			isa = PBXGroup;
			children = (
				FAA22C031625E7A800677DCC /* QuartzCore.framework */,
				FAA22BDA1625E4DD00677DCC /* UIKit.framework */,
				FAA22BDC1625E4DD00677DCC /* Foundation.framework */,
				FAA22BDE1625E4DD00677DCC /* CoreGraphics.framework */,
			);
			name = Frameworks;
			sourceTree = "<group>";
		};
		FAA22BE01625E4DD00677DCC /* Pong2 */ = {
			isa = PBXGroup;
			children = (
				FAA22BE91625E4DD00677DCC /* AppDelegate.h */,
				FAA22BEA1625E4DD00677DCC /* AppDelegate.m */,
				FAF186DB162C62F900552105 /* Constants.h */,
				FA96DE40162F44E800A55DCD /* IntroViewController.h */,
				FA96DE41162F44E800A55DCD /* IntroViewController.m */,
				FA7070CD1630516B003531A3 /* IntroViewController.xib */,
				FAA22BF21625E4DD00677DCC /* GameViewController.h */,
				FAA22BF31625E4DD00677DCC /* GameViewController.m */,
				FAA22BF51625E4DD00677DCC /* GameViewController.xib */,
				FAA22BFD1625E58700677DCC /* PaddleView.h */,
				FAA22BFE1625E58700677DCC /* PaddleView.m */,
				FA9895EE163644C400CAC3E0 /* ResumeGameDelegate.h */,
				FAA22BE11625E4DD00677DCC /* Supporting Files */,
			);
			path = Pong2;
			sourceTree = "<group>";
		};
		FAA22BE11625E4DD00677DCC /* Supporting Files */ = {
			isa = PBXGroup;
			children = (
				FAA22BE21625E4DD00677DCC /* Pong2-Info.plist */,
				FAA22BE31625E4DD00677DCC /* InfoPlist.strings */,
				FAA22BE61625E4DD00677DCC /* main.m */,
				FAA22BE81625E4DD00677DCC /* Pong2-Prefix.pch */,
				FAA22BEC1625E4DD00677DCC /* Default.png */,
				FAA22BEE1625E4DD00677DCC /* Default@2x.png */,
				FAA22BF01625E4DD00677DCC /* Default-568h@2x.png */,
			);
			name = "Supporting Files";
			sourceTree = "<group>";
		};
/* End PBXGroup section */

/* Begin PBXNativeTarget section */
		FAA22BD51625E4DD00677DCC /* Pong2 */ = {
			isa = PBXNativeTarget;
			buildConfigurationList = FAA22BFA1625E4DD00677DCC /* Build configuration list for PBXNativeTarget "Pong2" */;
			buildPhases = (
				FAA22BD21625E4DD00677DCC /* Sources */,
				FAA22BD31625E4DD00677DCC /* Frameworks */,
				FAA22BD41625E4DD00677DCC /* Resources */,
			);
			buildRules = (
			);
			dependencies = (
			);
			name = Pong2;
			productName = Pong2;
			productReference = FAA22BD61625E4DD00677DCC /* Pong2.app */;
			productType = "com.apple.product-type.application";
		};
/* End PBXNativeTarget section */

/* Begin PBXProject section */
		FAA22BCD1625E4DD00677DCC /* Project object */ = {
			isa = PBXProject;
			attributes = {
				LastUpgradeCheck = 0450;
				ORGANIZATIONNAME = "Alex Hsieh";
			};
			buildConfigurationList = FAA22BD01625E4DD00677DCC /* Build configuration list for PBXProject "Pong2" */;
			compatibilityVersion = "Xcode 3.2";
			developmentRegion = English;
			hasScannedForEncodings = 0;
			knownRegions = (
				en,
			);
			mainGroup = FAA22BCB1625E4DD00677DCC;
			productRefGroup = FAA22BD71625E4DD00677DCC /* Products */;
			projectDirPath = "";
			projectRoot = "";
			targets = (
				FAA22BD51625E4DD00677DCC /* Pong2 */,
			);
		};
/* End PBXProject section */

/* Begin PBXResourcesBuildPhase section */
		FAA22BD41625E4DD00677DCC /* Resources */ = {
			isa = PBXResourcesBuildPhase;
			buildActionMask = 2147483647;
			files = (
				FAA22BE51625E4DD00677DCC /* InfoPlist.strings in Resources */,
				FAA22BED1625E4DD00677DCC /* Default.png in Resources */,
				FAA22BEF1625E4DD00677DCC /* Default@2x.png in Resources */,
				FAA22BF11625E4DD00677DCC /* Default-568h@2x.png in Resources */,
				FAA22BF71625E4DD00677DCC /* GameViewController.xib in Resources */,
				FA707084162F9D58003531A3 /* SFAtarianSystem.ttf in Resources */,
				FA7070CE1630516B003531A3 /* IntroViewController.xib in Resources */,
			);
			runOnlyForDeploymentPostprocessing = 0;
		};
/* End PBXResourcesBuildPhase section */

/* Begin PBXSourcesBuildPhase section */
		FAA22BD21625E4DD00677DCC /* Sources */ = {
			isa = PBXSourcesBuildPhase;
			buildActionMask = 2147483647;
			files = (
				FAA22BE71625E4DD00677DCC /* main.m in Sources */,
				FAA22BEB1625E4DD00677DCC /* AppDelegate.m in Sources */,
				FAA22BF41625E4DD00677DCC /* GameViewController.m in Sources */,
				FAA22BFF1625E58700677DCC /* PaddleView.m in Sources */,
				FA96DE42162F44E800A55DCD /* IntroViewController.m in Sources */,
			);
			runOnlyForDeploymentPostprocessing = 0;
		};
/* End PBXSourcesBuildPhase section */

/* Begin PBXVariantGroup section */
		FAA22BE31625E4DD00677DCC /* InfoPlist.strings */ = {
			isa = PBXVariantGroup;
			children = (
				FAA22BE41625E4DD00677DCC /* en */,
			);
			name = InfoPlist.strings;
			sourceTree = "<group>";
		};
		FAA22BF51625E4DD00677DCC /* GameViewController.xib */ = {
			isa = PBXVariantGroup;
			children = (
				FAA22BF61625E4DD00677DCC /* en */,
			);
			name = GameViewController.xib;
			sourceTree = "<group>";
		};
/* End PBXVariantGroup section */

/* Begin XCBuildConfiguration section */
		FAA22BF81625E4DD00677DCC /* Debug */ = {
			isa = XCBuildConfiguration;
			buildSettings = {
				ALWAYS_SEARCH_USER_PATHS = NO;
				CLANG_CXX_LANGUAGE_STANDARD = "gnu++0x";
				CLANG_CXX_LIBRARY = "libc++";
				CLANG_WARN_EMPTY_BODY = YES;
				CLANG_WARN__DUPLICATE_METHOD_MATCH = YES;
				"CODE_SIGN_IDENTITY[sdk=iphoneos*]" = "iPhone Developer";
				COPY_PHASE_STRIP = NO;
				GCC_C_LANGUAGE_STANDARD = gnu99;
				GCC_DYNAMIC_NO_PIC = NO;
				GCC_OPTIMIZATION_LEVEL = 0;
				GCC_PREPROCESSOR_DEFINITIONS = (
					"DEBUG=1",
					"$(inherited)",
				);
				GCC_SYMBOLS_PRIVATE_EXTERN = NO;
				GCC_WARN_ABOUT_RETURN_TYPE = YES;
				GCC_WARN_UNINITIALIZED_AUTOS = YES;
				GCC_WARN_UNUSED_VARIABLE = YES;
				IPHONEOS_DEPLOYMENT_TARGET = 6.0;
				ONLY_ACTIVE_ARCH = YES;
				SDKROOT = iphoneos;
			};
			name = Debug;
		};
		FAA22BF91625E4DD00677DCC /* Release */ = {
			isa = XCBuildConfiguration;
			buildSettings = {
				ALWAYS_SEARCH_USER_PATHS = NO;
				CLANG_CXX_LANGUAGE_STANDARD = "gnu++0x";
				CLANG_CXX_LIBRARY = "libc++";
				CLANG_WARN_EMPTY_BODY = YES;
				CLANG_WARN__DUPLICATE_METHOD_MATCH = YES;
				"CODE_SIGN_IDENTITY[sdk=iphoneos*]" = "iPhone Developer";
				COPY_PHASE_STRIP = YES;
				GCC_C_LANGUAGE_STANDARD = gnu99;
				GCC_WARN_ABOUT_RETURN_TYPE = YES;
				GCC_WARN_UNINITIALIZED_AUTOS = YES;
				GCC_WARN_UNUSED_VARIABLE = YES;
				IPHONEOS_DEPLOYMENT_TARGET = 6.0;
				OTHER_CFLAGS = "-DNS_BLOCK_ASSERTIONS=1";
				SDKROOT = iphoneos;
				VALIDATE_PRODUCT = YES;
			};
			name = Release;
		};
		FAA22BFB1625E4DD00677DCC /* Debug */ = {
			isa = XCBuildConfiguration;
			buildSettings = {
				GCC_PRECOMPILE_PREFIX_HEADER = YES;
				GCC_PREFIX_HEADER = "Pong2/Pong2-Prefix.pch";
				INFOPLIST_FILE = "Pong2/Pong2-Info.plist";
				PRODUCT_NAME = "$(TARGET_NAME)";
				WRAPPER_EXTENSION = app;
			};
			name = Debug;
		};
		FAA22BFC1625E4DD00677DCC /* Release */ = {
			isa = XCBuildConfiguration;
			buildSettings = {
				GCC_PRECOMPILE_PREFIX_HEADER = YES;
				GCC_PREFIX_HEADER = "Pong2/Pong2-Prefix.pch";
				INFOPLIST_FILE = "Pong2/Pong2-Info.plist";
				PRODUCT_NAME = "$(TARGET_NAME)";
				WRAPPER_EXTENSION = app;
			};
			name = Release;
		};
/* End XCBuildConfiguration section */

/* Begin XCConfigurationList section */
		FAA22BD01625E4DD00677DCC /* Build configuration list for PBXProject "Pong2" */ = {
			isa = XCConfigurationList;
			buildConfigurations = (
				FAA22BF81625E4DD00677DCC /* Debug */,
				FAA22BF91625E4DD00677DCC /* Release */,
			);
			defaultConfigurationIsVisible = 0;
			defaultConfigurationName = Release;
		};
		FAA22BFA1625E4DD00677DCC /* Build configuration list for PBXNativeTarget "Pong2" */ = {
			isa = XCConfigurationList;
			buildConfigurations = (
				FAA22BFB1625E4DD00677DCC /* Debug */,
				FAA22BFC1625E4DD00677DCC /* Release */,
			);
			defaultConfigurationIsVisible = 0;
			defaultConfigurationName = Release;
		};
/* End XCConfigurationList section */
	};
	rootObject = FAA22BCD1625E4DD00677DCC /* Project object */;
}
